
Microsoft Visual Studio Solution File, Format Version 12.00
# Visual Studio 14
VisualStudioVersion = 14.0.25420.1
MinimumVisualStudioVersion = 10.0.40219.1
Project("{2150E333-8FDC-42A3-9474-1A3956D46DE8}") = "Solution Items", "Solution Items", "{6C6B8B32-A9C9-4DFA-928C-5D1B766D23AD}"
	ProjectSection(SolutionItems) = preProject
		README.md = README.md
		stylecop.json = stylecop.json
		Wireframe.ruleset = Wireframe.ruleset
	EndProjectSection
EndProject
Project("{FAE04EC0-301F-11D3-BF4B-00C04F79EFBC}") = "Core", "Core\Core.csproj", "{0FE376FC-727F-47C0-81E4-43C418B54AA6}"
EndProject
Project("{FAE04EC0-301F-11D3-BF4B-00C04F79EFBC}") = "TextAdventure", "TextAdventure\TextAdventure.csproj", "{2500D8D5-39AF-475B-BA79-7A26648436D4}"
EndProject
Project("{FAE04EC0-301F-11D3-BF4B-00C04F79EFBC}") = "InvadersPyGame", "InvadersPyGame\InvadersPyGame.csproj", "{CAB9B7EA-843B-4BC0-A8A1-77EDEC81EA1C}"
EndProject
Project("{FAE04EC0-301F-11D3-BF4B-00C04F79EFBC}") = "FizzlefadePyGame", "FizzlefadePyGame\FizzlefadePyGame.csproj", "{FD8776CA-7441-4457-B30A-915D38BCD83B}"
EndProject
Project("{FAE04EC0-301F-11D3-BF4B-00C04F79EFBC}") = "ExplosionPyGame", "ExplosionPyGame\ExplosionPyGame.csproj", "{04D19E5F-918C-4724-8008-C7DB72972FC1}"
EndProject
Project("{FAE04EC0-301F-11D3-BF4B-00C04F79EFBC}") = "DoomFirePyGame", "DoomFirePyGame\DoomFirePyGame.csproj", "{D36971E7-D66E-45FE-A8D4-3CC9F4C1A6B1}"
EndProject
Project("{FAE04EC0-301F-11D3-BF4B-00C04F79EFBC}") = "JumpPhysicsPyGame", "JumpPhysicsPyGame\JumpPhysicsPyGame.csproj", "{86A1DB4D-4439-4A6B-B81C-319EBBC8B248}"
EndProject
Project("{FAE04EC0-301F-11D3-BF4B-00C04F79EFBC}") = "MissilesPyGame", "MissilesPyGame\MissilesPyGame.csproj", "{6B6D38D9-B8E5-4A65-A785-BCC13760D143}"
EndProject
Project("{FAE04EC0-301F-11D3-BF4B-00C04F79EFBC}") = "ModularSpritesPyGame", "ModularSpritesPyGame\ModularSpritesPyGame.csproj", "{0CAE08E7-9289-4FA9-9787-5771A151364C}"
EndProject
Project("{FAE04EC0-301F-11D3-BF4B-00C04F79EFBC}") = "ParallaxScrollingPyGame", "ParallaxScrollingPyGame\ParallaxScrollingPyGame.csproj", "{BE22532E-81B8-4F1F-9221-62EDDBD59B19}"
EndProject
Project("{FAE04EC0-301F-11D3-BF4B-00C04F79EFBC}") = "WaterRipplePyGame", "WaterRipplePyGame\WaterRipplePyGame.csproj", "{65E9D277-27D7-4FA3-9C01-C5EB96F53FFE}"
EndProject
Project("{FAE04EC0-301F-11D3-BF4B-00C04F79EFBC}") = "SpawnPyGame", "SpawnPyGame\SpawnPyGame.csproj", "{17AEDC4E-B0CE-4199-9290-33FAC271781A}"
EndProject
Project("{FAE04EC0-301F-11D3-BF4B-00C04F79EFBC}") = "BreakoutPyGame", "BreakoutPyGame\BreakoutPyGame.csproj", "{520FE0D0-F408-49D7-8312-9D535414BC50}"
EndProject
Project("{FAE04EC0-301F-11D3-BF4B-00C04F79EFBC}") = "BombermanPyGame", "BombermanPyGame\BombermanPyGame.csproj", "{6B2BE556-1256-40E0-B60B-07C7BABE11D0}"
EndProject
Project("{FAE04EC0-301F-11D3-BF4B-00C04F79EFBC}") = "StarsPyGame", "StarsPyGame\StarsPyGame.csproj", "{2C1C0633-B493-4159-A34F-749EDD4D7427}"
EndProject
Project("{FAE04EC0-301F-11D3-BF4B-00C04F79EFBC}") = "ThrusterMotionPyGame", "ThrusterMotion\ThrusterMotionPyGame.csproj", "{23C5BACC-1AF0-46ED-815F-06FBD4FDD721}"
EndProject
Project("{FAE04EC0-301F-11D3-BF4B-00C04F79EFBC}") = "WalkCyclePyGame", "WalkCyclePyGame\WalkCyclePyGame.csproj", "{D44017C7-C060-4C1B-AA9C-801D844510FF}"
EndProject
Project("{FAE04EC0-301F-11D3-BF4B-00C04F79EFBC}") = "IsometricMapPyGame", "IsometricMapPyGame\IsometricMapPyGame.csproj", "{223A599B-6FF5-4DA7-BD32-C6D761E7DAE9}"
EndProject
Project("{FAE04EC0-301F-11D3-BF4B-00C04F79EFBC}") = "SpriteFollowingPyGame", "SpriteFollowingPyGame\SpriteFollowingPyGame.csproj", "{9BF26AFA-08D8-4505-BA51-1C44A19E60D9}"
EndProject
Project("{FAE04EC0-301F-11D3-BF4B-00C04F79EFBC}") = "LemmingsPyGame", "LemmingsPyGame\LemmingsPyGame.csproj", "{A643B65F-8D8E-4F46-BAC7-9981CB0A22D6}"
EndProject
Global
	GlobalSection(SolutionConfigurationPlatforms) = preSolution
		Debug|Any CPU = Debug|Any CPU
		Release|Any CPU = Release|Any CPU
	EndGlobalSection
	GlobalSection(ProjectConfigurationPlatforms) = postSolution
		{0FE376FC-727F-47C0-81E4-43C418B54AA6}.Debug|Any CPU.ActiveCfg = Debug|Any CPU
		{0FE376FC-727F-47C0-81E4-43C418B54AA6}.Debug|Any CPU.Build.0 = Debug|Any CPU
		{0FE376FC-727F-47C0-81E4-43C418B54AA6}.Release|Any CPU.ActiveCfg = Release|Any CPU
		{0FE376FC-727F-47C0-81E4-43C418B54AA6}.Release|Any CPU.Build.0 = Release|Any CPU
		{2500D8D5-39AF-475B-BA79-7A26648436D4}.Debug|Any CPU.ActiveCfg = Debug|Any CPU
		{2500D8D5-39AF-475B-BA79-7A26648436D4}.Debug|Any CPU.Build.0 = Debug|Any CPU
		{2500D8D5-39AF-475B-BA79-7A26648436D4}.Release|Any CPU.ActiveCfg = Release|Any CPU
		{2500D8D5-39AF-475B-BA79-7A26648436D4}.Release|Any CPU.Build.0 = Release|Any CPU
		{CAB9B7EA-843B-4BC0-A8A1-77EDEC81EA1C}.Debug|Any CPU.ActiveCfg = Debug|Any CPU
		{CAB9B7EA-843B-4BC0-A8A1-77EDEC81EA1C}.Debug|Any CPU.Build.0 = Debug|Any CPU
		{CAB9B7EA-843B-4BC0-A8A1-77EDEC81EA1C}.Release|Any CPU.ActiveCfg = Release|Any CPU
		{CAB9B7EA-843B-4BC0-A8A1-77EDEC81EA1C}.Release|Any CPU.Build.0 = Release|Any CPU
		{FD8776CA-7441-4457-B30A-915D38BCD83B}.Debug|Any CPU.ActiveCfg = Debug|Any CPU
		{FD8776CA-7441-4457-B30A-915D38BCD83B}.Debug|Any CPU.Build.0 = Debug|Any CPU
		{FD8776CA-7441-4457-B30A-915D38BCD83B}.Release|Any CPU.ActiveCfg = Release|Any CPU
		{FD8776CA-7441-4457-B30A-915D38BCD83B}.Release|Any CPU.Build.0 = Release|Any CPU
		{04D19E5F-918C-4724-8008-C7DB72972FC1}.Debug|Any CPU.ActiveCfg = Debug|Any CPU
		{04D19E5F-918C-4724-8008-C7DB72972FC1}.Debug|Any CPU.Build.0 = Debug|Any CPU
		{04D19E5F-918C-4724-8008-C7DB72972FC1}.Release|Any CPU.ActiveCfg = Release|Any CPU
		{04D19E5F-918C-4724-8008-C7DB72972FC1}.Release|Any CPU.Build.0 = Release|Any CPU
		{D36971E7-D66E-45FE-A8D4-3CC9F4C1A6B1}.Debug|Any CPU.ActiveCfg = Debug|Any CPU
		{D36971E7-D66E-45FE-A8D4-3CC9F4C1A6B1}.Debug|Any CPU.Build.0 = Debug|Any CPU
		{D36971E7-D66E-45FE-A8D4-3CC9F4C1A6B1}.Release|Any CPU.ActiveCfg = Release|Any CPU
		{D36971E7-D66E-45FE-A8D4-3CC9F4C1A6B1}.Release|Any CPU.Build.0 = Release|Any CPU
		{86A1DB4D-4439-4A6B-B81C-319EBBC8B248}.Debug|Any CPU.ActiveCfg = Debug|Any CPU
		{86A1DB4D-4439-4A6B-B81C-319EBBC8B248}.Debug|Any CPU.Build.0 = Debug|Any CPU
		{86A1DB4D-4439-4A6B-B81C-319EBBC8B248}.Release|Any CPU.ActiveCfg = Release|Any CPU
		{86A1DB4D-4439-4A6B-B81C-319EBBC8B248}.Release|Any CPU.Build.0 = Release|Any CPU
		{6B6D38D9-B8E5-4A65-A785-BCC13760D143}.Debug|Any CPU.ActiveCfg = Debug|Any CPU
		{6B6D38D9-B8E5-4A65-A785-BCC13760D143}.Debug|Any CPU.Build.0 = Debug|Any CPU
		{6B6D38D9-B8E5-4A65-A785-BCC13760D143}.Release|Any CPU.ActiveCfg = Release|Any CPU
		{6B6D38D9-B8E5-4A65-A785-BCC13760D143}.Release|Any CPU.Build.0 = Release|Any CPU
		{0CAE08E7-9289-4FA9-9787-5771A151364C}.Debug|Any CPU.ActiveCfg = Debug|Any CPU
		{0CAE08E7-9289-4FA9-9787-5771A151364C}.Debug|Any CPU.Build.0 = Debug|Any CPU
		{0CAE08E7-9289-4FA9-9787-5771A151364C}.Release|Any CPU.ActiveCfg = Release|Any CPU
		{0CAE08E7-9289-4FA9-9787-5771A151364C}.Release|Any CPU.Build.0 = Release|Any CPU
		{BE22532E-81B8-4F1F-9221-62EDDBD59B19}.Debug|Any CPU.ActiveCfg = Debug|Any CPU
		{BE22532E-81B8-4F1F-9221-62EDDBD59B19}.Debug|Any CPU.Build.0 = Debug|Any CPU
		{BE22532E-81B8-4F1F-9221-62EDDBD59B19}.Release|Any CPU.ActiveCfg = Release|Any CPU
		{BE22532E-81B8-4F1F-9221-62EDDBD59B19}.Release|Any CPU.Build.0 = Release|Any CPU
		{65E9D277-27D7-4FA3-9C01-C5EB96F53FFE}.Debug|Any CPU.ActiveCfg = Debug|Any CPU
		{65E9D277-27D7-4FA3-9C01-C5EB96F53FFE}.Debug|Any CPU.Build.0 = Debug|Any CPU
		{65E9D277-27D7-4FA3-9C01-C5EB96F53FFE}.Release|Any CPU.ActiveCfg = Release|Any CPU
		{65E9D277-27D7-4FA3-9C01-C5EB96F53FFE}.Release|Any CPU.Build.0 = Release|Any CPU
		{17AEDC4E-B0CE-4199-9290-33FAC271781A}.Debug|Any CPU.ActiveCfg = Debug|Any CPU
		{17AEDC4E-B0CE-4199-9290-33FAC271781A}.Debug|Any CPU.Build.0 = Debug|Any CPU
		{17AEDC4E-B0CE-4199-9290-33FAC271781A}.Release|Any CPU.ActiveCfg = Release|Any CPU
		{17AEDC4E-B0CE-4199-9290-33FAC271781A}.Release|Any CPU.Build.0 = Release|Any CPU
		{520FE0D0-F408-49D7-8312-9D535414BC50}.Debug|Any CPU.ActiveCfg = Debug|Any CPU
		{520FE0D0-F408-49D7-8312-9D535414BC50}.Debug|Any CPU.Build.0 = Debug|Any CPU
		{520FE0D0-F408-49D7-8312-9D535414BC50}.Release|Any CPU.ActiveCfg = Release|Any CPU
		{520FE0D0-F408-49D7-8312-9D535414BC50}.Release|Any CPU.Build.0 = Release|Any CPU
		{6B2BE556-1256-40E0-B60B-07C7BABE11D0}.Debug|Any CPU.ActiveCfg = Debug|Any CPU
		{6B2BE556-1256-40E0-B60B-07C7BABE11D0}.Debug|Any CPU.Build.0 = Debug|Any CPU
		{6B2BE556-1256-40E0-B60B-07C7BABE11D0}.Release|Any CPU.ActiveCfg = Release|Any CPU
		{6B2BE556-1256-40E0-B60B-07C7BABE11D0}.Release|Any CPU.Build.0 = Release|Any CPU
		{2C1C0633-B493-4159-A34F-749EDD4D7427}.Debug|Any CPU.ActiveCfg = Debug|Any CPU
		{2C1C0633-B493-4159-A34F-749EDD4D7427}.Debug|Any CPU.Build.0 = Debug|Any CPU
		{2C1C0633-B493-4159-A34F-749EDD4D7427}.Release|Any CPU.ActiveCfg = Release|Any CPU
		{2C1C0633-B493-4159-A34F-749EDD4D7427}.Release|Any CPU.Build.0 = Release|Any CPU
		{23C5BACC-1AF0-46ED-815F-06FBD4FDD721}.Debug|Any CPU.ActiveCfg = Debug|Any CPU
		{23C5BACC-1AF0-46ED-815F-06FBD4FDD721}.Debug|Any CPU.Build.0 = Debug|Any CPU
		{23C5BACC-1AF0-46ED-815F-06FBD4FDD721}.Release|Any CPU.ActiveCfg = Release|Any CPU
		{23C5BACC-1AF0-46ED-815F-06FBD4FDD721}.Release|Any CPU.Build.0 = Release|Any CPU
		{D44017C7-C060-4C1B-AA9C-801D844510FF}.Debug|Any CPU.ActiveCfg = Debug|Any CPU
		{D44017C7-C060-4C1B-AA9C-801D844510FF}.Debug|Any CPU.Build.0 = Debug|Any CPU
		{D44017C7-C060-4C1B-AA9C-801D844510FF}.Release|Any CPU.ActiveCfg = Release|Any CPU
		{D44017C7-C060-4C1B-AA9C-801D844510FF}.Release|Any CPU.Build.0 = Release|Any CPU
		{223A599B-6FF5-4DA7-BD32-C6D761E7DAE9}.Debug|Any CPU.ActiveCfg = Debug|Any CPU
		{223A599B-6FF5-4DA7-BD32-C6D761E7DAE9}.Debug|Any CPU.Build.0 = Debug|Any CPU
		{223A599B-6FF5-4DA7-BD32-C6D761E7DAE9}.Release|Any CPU.ActiveCfg = Release|Any CPU
		{223A599B-6FF5-4DA7-BD32-C6D761E7DAE9}.Release|Any CPU.Build.0 = Release|Any CPU
		{9BF26AFA-08D8-4505-BA51-1C44A19E60D9}.Debug|Any CPU.ActiveCfg = Debug|Any CPU
		{9BF26AFA-08D8-4505-BA51-1C44A19E60D9}.Debug|Any CPU.Build.0 = Debug|Any CPU
		{9BF26AFA-08D8-4505-BA51-1C44A19E60D9}.Release|Any CPU.ActiveCfg = Release|Any CPU
		{9BF26AFA-08D8-4505-BA51-1C44A19E60D9}.Release|Any CPU.Build.0 = Release|Any CPU
		{A643B65F-8D8E-4F46-BAC7-9981CB0A22D6}.Debug|Any CPU.ActiveCfg = Debug|Any CPU
		{A643B65F-8D8E-4F46-BAC7-9981CB0A22D6}.Debug|Any CPU.Build.0 = Debug|Any CPU
		{A643B65F-8D8E-4F46-BAC7-9981CB0A22D6}.Release|Any CPU.ActiveCfg = Release|Any CPU
		{A643B65F-8D8E-4F46-BAC7-9981CB0A22D6}.Release|Any CPU.Build.0 = Release|Any CPU
	EndGlobalSection
	GlobalSection(SolutionProperties) = preSolution
		HideSolutionNode = FALSE
	EndGlobalSection
EndGlobal
