
Microsoft Visual Studio Solution File, Format Version 12.00
# Visual Studio 14
VisualStudioVersion = 14.0.25420.1
MinimumVisualStudioVersion = 10.0.40219.1
Project("{2150E333-8FDC-42A3-9474-1A3956D46DE8}") = "Solution Items", "Solution Items", "{6C6B8B32-A9C9-4DFA-928C-5D1B766D23AD}"
	ProjectSection(SolutionItems) = preProject
		README.md = README.md
	EndProjectSection
EndProject
Project("{FAE04EC0-301F-11D3-BF4B-00C04F79EFBC}") = "Explosion", "Explosion\Explosion.csproj", "{72FB392A-E091-42CD-9A27-B556659C45CD}"
EndProject
Project("{FAE04EC0-301F-11D3-BF4B-00C04F79EFBC}") = "Core", "Core\Core.csproj", "{0FE376FC-727F-47C0-81E4-43C418B54AA6}"
EndProject
Project("{FAE04EC0-301F-11D3-BF4B-00C04F79EFBC}") = "WaterRipple", "WaterRipple\WaterRipple.csproj", "{A19D2491-43F4-4A4F-80EE-54DE8204AC11}"
EndProject
Project("{FAE04EC0-301F-11D3-BF4B-00C04F79EFBC}") = "ParallaxScrolling", "ParallaxScrolling\ParallaxScrolling.csproj", "{EA6DEE7A-4380-4D8E-B882-238441A578F2}"
EndProject
Project("{FAE04EC0-301F-11D3-BF4B-00C04F79EFBC}") = "TextAdventure", "TextAdventure\TextAdventure.csproj", "{2500D8D5-39AF-475B-BA79-7A26648436D4}"
EndProject
Project("{FAE04EC0-301F-11D3-BF4B-00C04F79EFBC}") = "ModularSprites", "ModularSprites\ModularSprites.csproj", "{11458499-18BC-4B6C-A204-87E324BEA8F4}"
EndProject
Project("{FAE04EC0-301F-11D3-BF4B-00C04F79EFBC}") = "JumpPhysics", "JumpPhysics\JumpPhysics.csproj", "{FC6B91C1-EE36-4AC1-B61A-DEA371993A97}"
EndProject
Project("{FAE04EC0-301F-11D3-BF4B-00C04F79EFBC}") = "DoomFire", "DoomFire\DoomFire.csproj", "{325C9AE0-6D72-4E2E-9D8E-A033D67FB5C2}"
EndProject
Project("{FAE04EC0-301F-11D3-BF4B-00C04F79EFBC}") = "Fizzlefade", "Fizzlefade\Fizzlefade.csproj", "{91144BF7-E425-4446-A23A-CE3DF0030167}"
EndProject
Project("{FAE04EC0-301F-11D3-BF4B-00C04F79EFBC}") = "Missiles", "Missile\Missiles.csproj", "{52ED8934-3FD6-48DC-883D-2829DE31AC9E}"
EndProject
Project("{FAE04EC0-301F-11D3-BF4B-00C04F79EFBC}") = "Invaders", "Invaders\Invaders.csproj", "{937AE825-2256-4CB4-A248-F5127A916A51}"
EndProject
Project("{FAE04EC0-301F-11D3-BF4B-00C04F79EFBC}") = "InvadersPyGame", "InvadersPyGame\InvadersPyGame.csproj", "{CAB9B7EA-843B-4BC0-A8A1-77EDEC81EA1C}"
EndProject
Project("{FAE04EC0-301F-11D3-BF4B-00C04F79EFBC}") = "FizzlefadePyGame", "FizzlefadePyGame\FizzlefadePyGame.csproj", "{FD8776CA-7441-4457-B30A-915D38BCD83B}"
EndProject
Project("{FAE04EC0-301F-11D3-BF4B-00C04F79EFBC}") = "ExplosionPyGame", "ExplosionPyGame\ExplosionPyGame.csproj", "{04D19E5F-918C-4724-8008-C7DB72972FC1}"
EndProject
Project("{FAE04EC0-301F-11D3-BF4B-00C04F79EFBC}") = "DoomFirePyGame", "DoomFirePyGame\DoomFirePyGame.csproj", "{D36971E7-D66E-45FE-A8D4-3CC9F4C1A6B1}"
EndProject
Project("{FAE04EC0-301F-11D3-BF4B-00C04F79EFBC}") = "JumpPhysicsPyGame", "JumpPhysicsPyGame\JumpPhysicsPyGame.csproj", "{86A1DB4D-4439-4A6B-B81C-319EBBC8B248}"
EndProject
Global
	GlobalSection(SolutionConfigurationPlatforms) = preSolution
		Debug|Any CPU = Debug|Any CPU
		Release|Any CPU = Release|Any CPU
	EndGlobalSection
	GlobalSection(ProjectConfigurationPlatforms) = postSolution
		{72FB392A-E091-42CD-9A27-B556659C45CD}.Debug|Any CPU.ActiveCfg = Debug|Any CPU
		{72FB392A-E091-42CD-9A27-B556659C45CD}.Debug|Any CPU.Build.0 = Debug|Any CPU
		{72FB392A-E091-42CD-9A27-B556659C45CD}.Release|Any CPU.ActiveCfg = Release|Any CPU
		{72FB392A-E091-42CD-9A27-B556659C45CD}.Release|Any CPU.Build.0 = Release|Any CPU
		{0FE376FC-727F-47C0-81E4-43C418B54AA6}.Debug|Any CPU.ActiveCfg = Debug|Any CPU
		{0FE376FC-727F-47C0-81E4-43C418B54AA6}.Debug|Any CPU.Build.0 = Debug|Any CPU
		{0FE376FC-727F-47C0-81E4-43C418B54AA6}.Release|Any CPU.ActiveCfg = Release|Any CPU
		{0FE376FC-727F-47C0-81E4-43C418B54AA6}.Release|Any CPU.Build.0 = Release|Any CPU
		{A19D2491-43F4-4A4F-80EE-54DE8204AC11}.Debug|Any CPU.ActiveCfg = Debug|Any CPU
		{A19D2491-43F4-4A4F-80EE-54DE8204AC11}.Debug|Any CPU.Build.0 = Debug|Any CPU
		{A19D2491-43F4-4A4F-80EE-54DE8204AC11}.Release|Any CPU.ActiveCfg = Release|Any CPU
		{A19D2491-43F4-4A4F-80EE-54DE8204AC11}.Release|Any CPU.Build.0 = Release|Any CPU
		{EA6DEE7A-4380-4D8E-B882-238441A578F2}.Debug|Any CPU.ActiveCfg = Debug|Any CPU
		{EA6DEE7A-4380-4D8E-B882-238441A578F2}.Debug|Any CPU.Build.0 = Debug|Any CPU
		{EA6DEE7A-4380-4D8E-B882-238441A578F2}.Release|Any CPU.ActiveCfg = Release|Any CPU
		{EA6DEE7A-4380-4D8E-B882-238441A578F2}.Release|Any CPU.Build.0 = Release|Any CPU
		{2500D8D5-39AF-475B-BA79-7A26648436D4}.Debug|Any CPU.ActiveCfg = Debug|Any CPU
		{2500D8D5-39AF-475B-BA79-7A26648436D4}.Debug|Any CPU.Build.0 = Debug|Any CPU
		{2500D8D5-39AF-475B-BA79-7A26648436D4}.Release|Any CPU.ActiveCfg = Release|Any CPU
		{2500D8D5-39AF-475B-BA79-7A26648436D4}.Release|Any CPU.Build.0 = Release|Any CPU
		{11458499-18BC-4B6C-A204-87E324BEA8F4}.Debug|Any CPU.ActiveCfg = Debug|Any CPU
		{11458499-18BC-4B6C-A204-87E324BEA8F4}.Debug|Any CPU.Build.0 = Debug|Any CPU
		{11458499-18BC-4B6C-A204-87E324BEA8F4}.Release|Any CPU.ActiveCfg = Release|Any CPU
		{11458499-18BC-4B6C-A204-87E324BEA8F4}.Release|Any CPU.Build.0 = Release|Any CPU
		{FC6B91C1-EE36-4AC1-B61A-DEA371993A97}.Debug|Any CPU.ActiveCfg = Debug|Any CPU
		{FC6B91C1-EE36-4AC1-B61A-DEA371993A97}.Debug|Any CPU.Build.0 = Debug|Any CPU
		{FC6B91C1-EE36-4AC1-B61A-DEA371993A97}.Release|Any CPU.ActiveCfg = Release|Any CPU
		{FC6B91C1-EE36-4AC1-B61A-DEA371993A97}.Release|Any CPU.Build.0 = Release|Any CPU
		{325C9AE0-6D72-4E2E-9D8E-A033D67FB5C2}.Debug|Any CPU.ActiveCfg = Debug|Any CPU
		{325C9AE0-6D72-4E2E-9D8E-A033D67FB5C2}.Debug|Any CPU.Build.0 = Debug|Any CPU
		{325C9AE0-6D72-4E2E-9D8E-A033D67FB5C2}.Release|Any CPU.ActiveCfg = Release|Any CPU
		{325C9AE0-6D72-4E2E-9D8E-A033D67FB5C2}.Release|Any CPU.Build.0 = Release|Any CPU
		{91144BF7-E425-4446-A23A-CE3DF0030167}.Debug|Any CPU.ActiveCfg = Debug|Any CPU
		{91144BF7-E425-4446-A23A-CE3DF0030167}.Debug|Any CPU.Build.0 = Debug|Any CPU
		{91144BF7-E425-4446-A23A-CE3DF0030167}.Release|Any CPU.ActiveCfg = Release|Any CPU
		{91144BF7-E425-4446-A23A-CE3DF0030167}.Release|Any CPU.Build.0 = Release|Any CPU
		{52ED8934-3FD6-48DC-883D-2829DE31AC9E}.Debug|Any CPU.ActiveCfg = Debug|Any CPU
		{52ED8934-3FD6-48DC-883D-2829DE31AC9E}.Debug|Any CPU.Build.0 = Debug|Any CPU
		{52ED8934-3FD6-48DC-883D-2829DE31AC9E}.Release|Any CPU.ActiveCfg = Release|Any CPU
		{52ED8934-3FD6-48DC-883D-2829DE31AC9E}.Release|Any CPU.Build.0 = Release|Any CPU
		{937AE825-2256-4CB4-A248-F5127A916A51}.Debug|Any CPU.ActiveCfg = Debug|Any CPU
		{937AE825-2256-4CB4-A248-F5127A916A51}.Debug|Any CPU.Build.0 = Debug|Any CPU
		{937AE825-2256-4CB4-A248-F5127A916A51}.Release|Any CPU.ActiveCfg = Release|Any CPU
		{937AE825-2256-4CB4-A248-F5127A916A51}.Release|Any CPU.Build.0 = Release|Any CPU
		{CAB9B7EA-843B-4BC0-A8A1-77EDEC81EA1C}.Debug|Any CPU.ActiveCfg = Debug|Any CPU
		{CAB9B7EA-843B-4BC0-A8A1-77EDEC81EA1C}.Debug|Any CPU.Build.0 = Debug|Any CPU
		{CAB9B7EA-843B-4BC0-A8A1-77EDEC81EA1C}.Release|Any CPU.ActiveCfg = Release|Any CPU
		{CAB9B7EA-843B-4BC0-A8A1-77EDEC81EA1C}.Release|Any CPU.Build.0 = Release|Any CPU
		{FD8776CA-7441-4457-B30A-915D38BCD83B}.Debug|Any CPU.ActiveCfg = Debug|Any CPU
		{FD8776CA-7441-4457-B30A-915D38BCD83B}.Debug|Any CPU.Build.0 = Debug|Any CPU
		{FD8776CA-7441-4457-B30A-915D38BCD83B}.Release|Any CPU.ActiveCfg = Release|Any CPU
		{FD8776CA-7441-4457-B30A-915D38BCD83B}.Release|Any CPU.Build.0 = Release|Any CPU
		{04D19E5F-918C-4724-8008-C7DB72972FC1}.Debug|Any CPU.ActiveCfg = Debug|Any CPU
		{04D19E5F-918C-4724-8008-C7DB72972FC1}.Debug|Any CPU.Build.0 = Debug|Any CPU
		{04D19E5F-918C-4724-8008-C7DB72972FC1}.Release|Any CPU.ActiveCfg = Release|Any CPU
		{04D19E5F-918C-4724-8008-C7DB72972FC1}.Release|Any CPU.Build.0 = Release|Any CPU
		{D36971E7-D66E-45FE-A8D4-3CC9F4C1A6B1}.Debug|Any CPU.ActiveCfg = Debug|Any CPU
		{D36971E7-D66E-45FE-A8D4-3CC9F4C1A6B1}.Debug|Any CPU.Build.0 = Debug|Any CPU
		{D36971E7-D66E-45FE-A8D4-3CC9F4C1A6B1}.Release|Any CPU.ActiveCfg = Release|Any CPU
		{D36971E7-D66E-45FE-A8D4-3CC9F4C1A6B1}.Release|Any CPU.Build.0 = Release|Any CPU
		{86A1DB4D-4439-4A6B-B81C-319EBBC8B248}.Debug|Any CPU.ActiveCfg = Debug|Any CPU
		{86A1DB4D-4439-4A6B-B81C-319EBBC8B248}.Debug|Any CPU.Build.0 = Debug|Any CPU
		{86A1DB4D-4439-4A6B-B81C-319EBBC8B248}.Release|Any CPU.ActiveCfg = Release|Any CPU
		{86A1DB4D-4439-4A6B-B81C-319EBBC8B248}.Release|Any CPU.Build.0 = Release|Any CPU
	EndGlobalSection
	GlobalSection(SolutionProperties) = preSolution
		HideSolutionNode = FALSE
	EndGlobalSection
EndGlobal
